
Microsoft Visual Studio Solution File, Format Version 12.00
# Visual Studio Version 16
VisualStudioVersion = 16.0.30907.101
MinimumVisualStudioVersion = 10.0.40219.1
Project("{9A19103F-16F7-4668-BE54-9A1E7A4F7556}") = "KampIntro", "KampIntro\KampIntro.csproj", "{87EC21E0-5AFF-4045-B2C5-573CECFF862F}"
EndProject
Project("{9A19103F-16F7-4668-BE54-9A1E7A4F7556}") = "Donguler", "Donguler\Donguler.csproj", "{2F2DFBB0-831D-4F73-A548-904450E1E4E9}"
EndProject
Project("{9A19103F-16F7-4668-BE54-9A1E7A4F7556}") = "ClassIntro", "ClassIntro\ClassIntro.csproj", "{9C7AECEB-6890-42FF-9AC0-107F243246EC}"
EndProject
Project("{9A19103F-16F7-4668-BE54-9A1E7A4F7556}") = "Metotlar", "Metotlar\Metotlar.csproj", "{9823EE78-EEE7-4798-9873-CD0ABA6FCF64}"
EndProject
Project("{9A19103F-16F7-4668-BE54-9A1E7A4F7556}") = "Matematik", "Matematik\Matematik.csproj", "{98EF0A2A-E2EF-4774-B412-730ECC22255A}"
EndProject
Project("{9A19103F-16F7-4668-BE54-9A1E7A4F7556}") = "DegerveReferansTipler", "DegerveReferansTipler\DegerveReferansTipler.csproj", "{F38930AB-8BC4-475F-9765-649177620BE8}"
EndProject
Project("{9A19103F-16F7-4668-BE54-9A1E7A4F7556}") = "OOP1", "OOP1\OOP1.csproj", "{7BB8336E-F494-4FFF-A32C-BBDF70493EEB}"
EndProject
Project("{9A19103F-16F7-4668-BE54-9A1E7A4F7556}") = "Koleksiyonlar", "Koleksiyonlar\Koleksiyonlar.csproj", "{5FCB7CBD-2AB4-4B24-A3D4-B5CC4B11722A}"
EndProject
Project("{9A19103F-16F7-4668-BE54-9A1E7A4F7556}") = "GenericsIntro", "GenericsIntro\GenericsIntro.csproj", "{36B639FC-AA49-49C1-9C18-F3DD02BF1F6E}"
EndProject
Project("{FAE04EC0-301F-11D3-BF4B-00C04F79EFBC}") = "OOP2", "OOP2\OOP2.csproj", "{E8E06A2E-AB7A-474A-9CC1-BB302EDD9EB1}"
EndProject
Project("{FAE04EC0-301F-11D3-BF4B-00C04F79EFBC}") = "OOP3", "OOP3\OOP3.csproj", "{743F9622-2383-4231-B85A-9505DA811634}"
EndProject
Global
	GlobalSection(SolutionConfigurationPlatforms) = preSolution
		Debug|Any CPU = Debug|Any CPU
		Release|Any CPU = Release|Any CPU
	EndGlobalSection
	GlobalSection(ProjectConfigurationPlatforms) = postSolution
		{87EC21E0-5AFF-4045-B2C5-573CECFF862F}.Debug|Any CPU.ActiveCfg = Debug|Any CPU
		{87EC21E0-5AFF-4045-B2C5-573CECFF862F}.Debug|Any CPU.Build.0 = Debug|Any CPU
		{87EC21E0-5AFF-4045-B2C5-573CECFF862F}.Release|Any CPU.ActiveCfg = Release|Any CPU
		{87EC21E0-5AFF-4045-B2C5-573CECFF862F}.Release|Any CPU.Build.0 = Release|Any CPU
		{2F2DFBB0-831D-4F73-A548-904450E1E4E9}.Debug|Any CPU.ActiveCfg = Debug|Any CPU
		{2F2DFBB0-831D-4F73-A548-904450E1E4E9}.Debug|Any CPU.Build.0 = Debug|Any CPU
		{2F2DFBB0-831D-4F73-A548-904450E1E4E9}.Release|Any CPU.ActiveCfg = Release|Any CPU
		{2F2DFBB0-831D-4F73-A548-904450E1E4E9}.Release|Any CPU.Build.0 = Release|Any CPU
		{9C7AECEB-6890-42FF-9AC0-107F243246EC}.Debug|Any CPU.ActiveCfg = Debug|Any CPU
		{9C7AECEB-6890-42FF-9AC0-107F243246EC}.Debug|Any CPU.Build.0 = Debug|Any CPU
		{9C7AECEB-6890-42FF-9AC0-107F243246EC}.Release|Any CPU.ActiveCfg = Release|Any CPU
		{9C7AECEB-6890-42FF-9AC0-107F243246EC}.Release|Any CPU.Build.0 = Release|Any CPU
		{9823EE78-EEE7-4798-9873-CD0ABA6FCF64}.Debug|Any CPU.ActiveCfg = Debug|Any CPU
		{9823EE78-EEE7-4798-9873-CD0ABA6FCF64}.Debug|Any CPU.Build.0 = Debug|Any CPU
		{9823EE78-EEE7-4798-9873-CD0ABA6FCF64}.Release|Any CPU.ActiveCfg = Release|Any CPU
		{9823EE78-EEE7-4798-9873-CD0ABA6FCF64}.Release|Any CPU.Build.0 = Release|Any CPU
		{98EF0A2A-E2EF-4774-B412-730ECC22255A}.Debug|Any CPU.ActiveCfg = Debug|Any CPU
		{98EF0A2A-E2EF-4774-B412-730ECC22255A}.Debug|Any CPU.Build.0 = Debug|Any CPU
		{98EF0A2A-E2EF-4774-B412-730ECC22255A}.Release|Any CPU.ActiveCfg = Release|Any CPU
		{98EF0A2A-E2EF-4774-B412-730ECC22255A}.Release|Any CPU.Build.0 = Release|Any CPU
		{F38930AB-8BC4-475F-9765-649177620BE8}.Debug|Any CPU.ActiveCfg = Debug|Any CPU
		{F38930AB-8BC4-475F-9765-649177620BE8}.Debug|Any CPU.Build.0 = Debug|Any CPU
		{F38930AB-8BC4-475F-9765-649177620BE8}.Release|Any CPU.ActiveCfg = Release|Any CPU
		{F38930AB-8BC4-475F-9765-649177620BE8}.Release|Any CPU.Build.0 = Release|Any CPU
		{7BB8336E-F494-4FFF-A32C-BBDF70493EEB}.Debug|Any CPU.ActiveCfg = Debug|Any CPU
		{7BB8336E-F494-4FFF-A32C-BBDF70493EEB}.Debug|Any CPU.Build.0 = Debug|Any CPU
		{7BB8336E-F494-4FFF-A32C-BBDF70493EEB}.Release|Any CPU.ActiveCfg = Release|Any CPU
		{7BB8336E-F494-4FFF-A32C-BBDF70493EEB}.Release|Any CPU.Build.0 = Release|Any CPU
		{5FCB7CBD-2AB4-4B24-A3D4-B5CC4B11722A}.Debug|Any CPU.ActiveCfg = Debug|Any CPU
		{5FCB7CBD-2AB4-4B24-A3D4-B5CC4B11722A}.Debug|Any CPU.Build.0 = Debug|Any CPU
		{5FCB7CBD-2AB4-4B24-A3D4-B5CC4B11722A}.Release|Any CPU.ActiveCfg = Release|Any CPU
		{5FCB7CBD-2AB4-4B24-A3D4-B5CC4B11722A}.Release|Any CPU.Build.0 = Release|Any CPU
		{36B639FC-AA49-49C1-9C18-F3DD02BF1F6E}.Debug|Any CPU.ActiveCfg = Debug|Any CPU
		{36B639FC-AA49-49C1-9C18-F3DD02BF1F6E}.Debug|Any CPU.Build.0 = Debug|Any CPU
		{36B639FC-AA49-49C1-9C18-F3DD02BF1F6E}.Release|Any CPU.ActiveCfg = Release|Any CPU
		{36B639FC-AA49-49C1-9C18-F3DD02BF1F6E}.Release|Any CPU.Build.0 = Release|Any CPU
		{E8E06A2E-AB7A-474A-9CC1-BB302EDD9EB1}.Debug|Any CPU.ActiveCfg = Debug|Any CPU
		{E8E06A2E-AB7A-474A-9CC1-BB302EDD9EB1}.Debug|Any CPU.Build.0 = Debug|Any CPU
		{E8E06A2E-AB7A-474A-9CC1-BB302EDD9EB1}.Release|Any CPU.ActiveCfg = Release|Any CPU
		{E8E06A2E-AB7A-474A-9CC1-BB302EDD9EB1}.Release|Any CPU.Build.0 = Release|Any CPU
		{743F9622-2383-4231-B85A-9505DA811634}.Debug|Any CPU.ActiveCfg = Debug|Any CPU
		{743F9622-2383-4231-B85A-9505DA811634}.Debug|Any CPU.Build.0 = Debug|Any CPU
		{743F9622-2383-4231-B85A-9505DA811634}.Release|Any CPU.ActiveCfg = Release|Any CPU
		{743F9622-2383-4231-B85A-9505DA811634}.Release|Any CPU.Build.0 = Release|Any CPU
	EndGlobalSection
	GlobalSection(SolutionProperties) = preSolution
		HideSolutionNode = FALSE
	EndGlobalSection
	GlobalSection(ExtensibilityGlobals) = postSolution
		SolutionGuid = {D37DBCEE-F312-4384-A58B-472F17522BD6}
	EndGlobalSection
EndGlobal
